
Microsoft Visual Studio Solution File, Format Version 12.00
# Visual Studio Version 17
VisualStudioVersion = 17.1.32210.238
MinimumVisualStudioVersion = 10.0.40219.1
Project("{FAE04EC0-301F-11D3-BF4B-00C04F79EFBC}") = "Bnchmar", "Bnchmar.csproj", "{35E3768C-83A4-49E3-8F98-9270647C9960}"
EndProject
Project("{FAE04EC0-301F-11D3-BF4B-00C04F79EFBC}") = "BmTest", "..\BmTest\BmTest.csproj", "{A1F3AC0B-819D-46E2-A320-1E9FE832C14F}"
EndProject
Global
	GlobalSection(SolutionConfigurationPlatforms) = preSolution
		Debug|Any CPU = Debug|Any CPU
		Release|Any CPU = Release|Any CPU
	EndGlobalSection
	GlobalSection(ProjectConfigurationPlatforms) = postSolution
		{35E3768C-83A4-49E3-8F98-9270647C9960}.Debug|Any CPU.ActiveCfg = Debug|Any CPU
		{35E3768C-83A4-49E3-8F98-9270647C9960}.Debug|Any CPU.Build.0 = Debug|Any CPU
		{35E3768C-83A4-49E3-8F98-9270647C9960}.Release|Any CPU.ActiveCfg = Release|Any CPU
		{35E3768C-83A4-49E3-8F98-9270647C9960}.Release|Any CPU.Build.0 = Release|Any CPU
		{A1F3AC0B-819D-46E2-A320-1E9FE832C14F}.Debug|Any CPU.ActiveCfg = Debug|Any CPU
		{A1F3AC0B-819D-46E2-A320-1E9FE832C14F}.Debug|Any CPU.Build.0 = Debug|Any CPU
		{A1F3AC0B-819D-46E2-A320-1E9FE832C14F}.Release|Any CPU.ActiveCfg = Release|Any CPU
		{A1F3AC0B-819D-46E2-A320-1E9FE832C14F}.Release|Any CPU.Build.0 = Release|Any CPU
	EndGlobalSection
	GlobalSection(SolutionProperties) = preSolution
		HideSolutionNode = FALSE
	EndGlobalSection
	GlobalSection(ExtensibilityGlobals) = postSolution
		SolutionGuid = {E422B83D-6880-475A-9970-3E9834D1D4E0}
	EndGlobalSection
EndGlobal
